// !$*UTF8*$!
{
	archiveVersion = 1;
	classes = {
	};
	objectVersion = 52;
	objects = {

/* Begin PBXBuildFile section */
		AA01AFE426B1F837008962BF /* SetupMainViewController.swift in Sources */ = {isa = PBXBuildFile; fileRef = AA01AFE326B1F837008962BF /* SetupMainViewController.swift */; };
		AA01AFE726B1F9E3008962BF /* TodayString.swift in Sources */ = {isa = PBXBuildFile; fileRef = AA01AFE626B1F9E3008962BF /* TodayString.swift */; };
		AA01AFE926B203C1008962BF /* GetWeek.swift in Sources */ = {isa = PBXBuildFile; fileRef = AA01AFE826B203C1008962BF /* GetWeek.swift */; };
		AA1B692C26AD801D007FF887 /* Response.swift in Sources */ = {isa = PBXBuildFile; fileRef = AA1B692B26AD801D007FF887 /* Response.swift */; };
		AA1B692F26AD8F98007FF887 /* NetworkManager.swift in Sources */ = {isa = PBXBuildFile; fileRef = AA1B692E26AD8F98007FF887 /* NetworkManager.swift */; };
		AA1B693126AD99F5007FF887 /* SetData.swift in Sources */ = {isa = PBXBuildFile; fileRef = AA1B693026AD99F5007FF887 /* SetData.swift */; };
		AA207A3226B030C800DA2E47 /* Date.dayNumberOfWeek .swift in Sources */ = {isa = PBXBuildFile; fileRef = AA207A3126B030C800DA2E47 /* Date.dayNumberOfWeek .swift */; };
		AA3D3A3626A8A3340005B6EA /* RealmSwift in Frameworks */ = {isa = PBXBuildFile; productRef = AA3D3A3526A8A3340005B6EA /* RealmSwift */; };
		AA3D3A3826A8A3340005B6EA /* Realm in Frameworks */ = {isa = PBXBuildFile; productRef = AA3D3A3726A8A3340005B6EA /* Realm */; };
		AA3D3A3B26A8BC920005B6EA /* DetailCustomView.swift in Sources */ = {isa = PBXBuildFile; fileRef = AA3D3A3A26A8BC920005B6EA /* DetailCustomView.swift */; };
		AA3D3A3D26A8BCB70005B6EA /* DetailCustomView.xib in Resources */ = {isa = PBXBuildFile; fileRef = AA3D3A3C26A8BCB70005B6EA /* DetailCustomView.xib */; };
		AA56FE8B26A75225000BAA15 /* GetViewControllerByID.swift in Sources */ = {isa = PBXBuildFile; fileRef = AA56FE8A26A75225000BAA15 /* GetViewControllerByID.swift */; };
		AA56FE8D26A75295000BAA15 /* DetailViewController.swift in Sources */ = {isa = PBXBuildFile; fileRef = AA56FE8C26A75295000BAA15 /* DetailViewController.swift */; };
		AA60ABDD26ADFDEF00C6CC54 /* UIImageView+Load.swift in Sources */ = {isa = PBXBuildFile; fileRef = AA60ABDC26ADFDEF00C6CC54 /* UIImageView+Load.swift */; };
		AA62B85526A9CE52007079DF /* DailyModel.swift in Sources */ = {isa = PBXBuildFile; fileRef = AA62B85426A9CE52007079DF /* DailyModel.swift */; };
		AA62B85726A9CE65007079DF /* CurrentModel.swift in Sources */ = {isa = PBXBuildFile; fileRef = AA62B85626A9CE65007079DF /* CurrentModel.swift */; };
		AA62B85926A9CEC4007079DF /* MainModel.swift in Sources */ = {isa = PBXBuildFile; fileRef = AA62B85826A9CEC4007079DF /* MainModel.swift */; };
		AA73690626A3186C004EE193 /* DailyShortView.swift in Sources */ = {isa = PBXBuildFile; fileRef = AA73690526A3186C004EE193 /* DailyShortView.swift */; };
		AA73690926A318F3004EE193 /* DailyShortView.xib in Resources */ = {isa = PBXBuildFile; fileRef = AA73690826A318F3004EE193 /* DailyShortView.xib */; };
		AA7B704026A0D16C00278F67 /* AppDelegate.swift in Sources */ = {isa = PBXBuildFile; fileRef = AA7B703F26A0D16C00278F67 /* AppDelegate.swift */; };
		AA7B704226A0D16C00278F67 /* SceneDelegate.swift in Sources */ = {isa = PBXBuildFile; fileRef = AA7B704126A0D16C00278F67 /* SceneDelegate.swift */; };
		AA7B704426A0D16C00278F67 /* MainViewController.swift in Sources */ = {isa = PBXBuildFile; fileRef = AA7B704326A0D16C00278F67 /* MainViewController.swift */; };
		AA7B704726A0D16C00278F67 /* Main.storyboard in Resources */ = {isa = PBXBuildFile; fileRef = AA7B704526A0D16C00278F67 /* Main.storyboard */; };
		AA7B704926A0D16D00278F67 /* Assets.xcassets in Resources */ = {isa = PBXBuildFile; fileRef = AA7B704826A0D16D00278F67 /* Assets.xcassets */; };
		AA7B704C26A0D16D00278F67 /* LaunchScreen.storyboard in Resources */ = {isa = PBXBuildFile; fileRef = AA7B704A26A0D16D00278F67 /* LaunchScreen.storyboard */; };
		AAA03E1026B29E10006377A0 /* LocalisedData.swift in Sources */ = {isa = PBXBuildFile; fileRef = AAA03E0F26B29E10006377A0 /* LocalisedData.swift */; };
		AAA03E1726B2FBD4006377A0 /* UserSettings.swift in Sources */ = {isa = PBXBuildFile; fileRef = AAA03E1626B2FBD4006377A0 /* UserSettings.swift */; };
		AAA03E1926B324C2006377A0 /* BuildURL.swift in Sources */ = {isa = PBXBuildFile; fileRef = AAA03E1826B324C2006377A0 /* BuildURL.swift */; };
		AAAC4B6E26B4608F00E64E26 /* UICollectionView.swift in Sources */ = {isa = PBXBuildFile; fileRef = AAAC4B6D26B4608F00E64E26 /* UICollectionView.swift */; };
		AAAC4B7026B4618500E64E26 /* UIPickerView.swift in Sources */ = {isa = PBXBuildFile; fileRef = AAAC4B6F26B4618500E64E26 /* UIPickerView.swift */; };
		AAAC4B7226B461D300E64E26 /* CLLocationManager.swift in Sources */ = {isa = PBXBuildFile; fileRef = AAAC4B7126B461D300E64E26 /* CLLocationManager.swift */; };
		AAAC4B7626B46C0300E64E26 /* AlertLocationDenied.swift in Sources */ = {isa = PBXBuildFile; fileRef = AAAC4B7526B46C0300E64E26 /* AlertLocationDenied.swift */; };
		AAC02B0A26A4AEAF0095632E /* DailyCell.swift in Sources */ = {isa = PBXBuildFile; fileRef = AAC02B0826A4AEAF0095632E /* DailyCell.swift */; };
		AAC02B0B26A4AEAF0095632E /* DailyCell.xib in Resources */ = {isa = PBXBuildFile; fileRef = AAC02B0926A4AEAF0095632E /* DailyCell.xib */; };
		AAE4A94926B3D5DB00B88044 /* SetupDetailViewController.swift in Sources */ = {isa = PBXBuildFile; fileRef = AAE4A94826B3D5DB00B88044 /* SetupDetailViewController.swift */; };
		AAF590AA26A184BA00DED2B6 /* Montserrat-SemiBold.ttf in Resources */ = {isa = PBXBuildFile; fileRef = AAF5909726A184B900DED2B6 /* Montserrat-SemiBold.ttf */; };
		AAF590AF26A184BA00DED2B6 /* Montserrat-Regular.ttf in Resources */ = {isa = PBXBuildFile; fileRef = AAF5909C26A184B900DED2B6 /* Montserrat-Regular.ttf */; };
/* End PBXBuildFile section */

/* Begin PBXFileReference section */
		AA01AFE326B1F837008962BF /* SetupMainViewController.swift */ = {isa = PBXFileReference; lastKnownFileType = sourcecode.swift; path = SetupMainViewController.swift; sourceTree = "<group>"; };
		AA01AFE626B1F9E3008962BF /* TodayString.swift */ = {isa = PBXFileReference; lastKnownFileType = sourcecode.swift; path = TodayString.swift; sourceTree = "<group>"; };
		AA01AFE826B203C1008962BF /* GetWeek.swift */ = {isa = PBXFileReference; lastKnownFileType = sourcecode.swift; path = GetWeek.swift; sourceTree = "<group>"; };
		AA1B692B26AD801D007FF887 /* Response.swift */ = {isa = PBXFileReference; lastKnownFileType = sourcecode.swift; path = Response.swift; sourceTree = "<group>"; };
		AA1B692E26AD8F98007FF887 /* NetworkManager.swift */ = {isa = PBXFileReference; lastKnownFileType = sourcecode.swift; path = NetworkManager.swift; sourceTree = "<group>"; };
		AA1B693026AD99F5007FF887 /* SetData.swift */ = {isa = PBXFileReference; lastKnownFileType = sourcecode.swift; path = SetData.swift; sourceTree = "<group>"; };
		AA207A3126B030C800DA2E47 /* Date.dayNumberOfWeek .swift */ = {isa = PBXFileReference; lastKnownFileType = sourcecode.swift; path = "Date.dayNumberOfWeek .swift"; sourceTree = "<group>"; };
		AA3D3A3A26A8BC920005B6EA /* DetailCustomView.swift */ = {isa = PBXFileReference; lastKnownFileType = sourcecode.swift; path = DetailCustomView.swift; sourceTree = "<group>"; };
		AA3D3A3C26A8BCB70005B6EA /* DetailCustomView.xib */ = {isa = PBXFileReference; lastKnownFileType = file.xib; path = DetailCustomView.xib; sourceTree = "<group>"; };
		AA56FE8A26A75225000BAA15 /* GetViewControllerByID.swift */ = {isa = PBXFileReference; lastKnownFileType = sourcecode.swift; path = GetViewControllerByID.swift; sourceTree = "<group>"; };
		AA56FE8C26A75295000BAA15 /* DetailViewController.swift */ = {isa = PBXFileReference; lastKnownFileType = sourcecode.swift; path = DetailViewController.swift; sourceTree = "<group>"; };
		AA60ABDC26ADFDEF00C6CC54 /* UIImageView+Load.swift */ = {isa = PBXFileReference; lastKnownFileType = sourcecode.swift; path = "UIImageView+Load.swift"; sourceTree = "<group>"; };
		AA62B85426A9CE52007079DF /* DailyModel.swift */ = {isa = PBXFileReference; lastKnownFileType = sourcecode.swift; path = DailyModel.swift; sourceTree = "<group>"; };
		AA62B85626A9CE65007079DF /* CurrentModel.swift */ = {isa = PBXFileReference; lastKnownFileType = sourcecode.swift; path = CurrentModel.swift; sourceTree = "<group>"; };
		AA62B85826A9CEC4007079DF /* MainModel.swift */ = {isa = PBXFileReference; lastKnownFileType = sourcecode.swift; path = MainModel.swift; sourceTree = "<group>"; };
		AA73690526A3186C004EE193 /* DailyShortView.swift */ = {isa = PBXFileReference; lastKnownFileType = sourcecode.swift; path = DailyShortView.swift; sourceTree = "<group>"; };
		AA73690826A318F3004EE193 /* DailyShortView.xib */ = {isa = PBXFileReference; lastKnownFileType = file.xib; path = DailyShortView.xib; sourceTree = "<group>"; };
		AA7B703C26A0D16C00278F67 /* KeepSolidApp.app */ = {isa = PBXFileReference; explicitFileType = wrapper.application; includeInIndex = 0; path = KeepSolidApp.app; sourceTree = BUILT_PRODUCTS_DIR; };
		AA7B703F26A0D16C00278F67 /* AppDelegate.swift */ = {isa = PBXFileReference; lastKnownFileType = sourcecode.swift; path = AppDelegate.swift; sourceTree = "<group>"; };
		AA7B704126A0D16C00278F67 /* SceneDelegate.swift */ = {isa = PBXFileReference; lastKnownFileType = sourcecode.swift; path = SceneDelegate.swift; sourceTree = "<group>"; };
		AA7B704326A0D16C00278F67 /* MainViewController.swift */ = {isa = PBXFileReference; lastKnownFileType = sourcecode.swift; path = MainViewController.swift; sourceTree = "<group>"; };
		AA7B704626A0D16C00278F67 /* Base */ = {isa = PBXFileReference; lastKnownFileType = file.storyboard; name = Base; path = Base.lproj/Main.storyboard; sourceTree = "<group>"; };
		AA7B704826A0D16D00278F67 /* Assets.xcassets */ = {isa = PBXFileReference; lastKnownFileType = folder.assetcatalog; path = Assets.xcassets; sourceTree = "<group>"; };
		AA7B704B26A0D16D00278F67 /* Base */ = {isa = PBXFileReference; lastKnownFileType = file.storyboard; name = Base; path = Base.lproj/LaunchScreen.storyboard; sourceTree = "<group>"; };
		AA7B704D26A0D16D00278F67 /* Info.plist */ = {isa = PBXFileReference; lastKnownFileType = text.plist.xml; path = Info.plist; sourceTree = "<group>"; };
		AAA03E0F26B29E10006377A0 /* LocalisedData.swift */ = {isa = PBXFileReference; lastKnownFileType = sourcecode.swift; path = LocalisedData.swift; sourceTree = "<group>"; };
		AAA03E1326B2EA70006377A0 /* Raleway-Bold.ttf */ = {isa = PBXFileReference; lastKnownFileType = file; path = "Raleway-Bold.ttf"; sourceTree = "<group>"; };
		AAA03E1426B2EA7F006377A0 /* Raleway-Regular.ttf */ = {isa = PBXFileReference; lastKnownFileType = file; path = "Raleway-Regular.ttf"; sourceTree = "<group>"; };
		AAA03E1526B2EA88006377A0 /* Raleway-Medium.ttf */ = {isa = PBXFileReference; lastKnownFileType = file; path = "Raleway-Medium.ttf"; sourceTree = "<group>"; };
		AAA03E1626B2FBD4006377A0 /* UserSettings.swift */ = {isa = PBXFileReference; lastKnownFileType = sourcecode.swift; path = UserSettings.swift; sourceTree = "<group>"; };
		AAA03E1826B324C2006377A0 /* BuildURL.swift */ = {isa = PBXFileReference; lastKnownFileType = sourcecode.swift; path = BuildURL.swift; sourceTree = "<group>"; };
		AAAC4B6D26B4608F00E64E26 /* UICollectionView.swift */ = {isa = PBXFileReference; lastKnownFileType = sourcecode.swift; path = UICollectionView.swift; sourceTree = "<group>"; };
		AAAC4B6F26B4618500E64E26 /* UIPickerView.swift */ = {isa = PBXFileReference; lastKnownFileType = sourcecode.swift; path = UIPickerView.swift; sourceTree = "<group>"; };
		AAAC4B7126B461D300E64E26 /* CLLocationManager.swift */ = {isa = PBXFileReference; lastKnownFileType = sourcecode.swift; path = CLLocationManager.swift; sourceTree = "<group>"; };
		AAAC4B7526B46C0300E64E26 /* AlertLocationDenied.swift */ = {isa = PBXFileReference; lastKnownFileType = sourcecode.swift; path = AlertLocationDenied.swift; sourceTree = "<group>"; };
		AAC02B0826A4AEAF0095632E /* DailyCell.swift */ = {isa = PBXFileReference; lastKnownFileType = sourcecode.swift; path = DailyCell.swift; sourceTree = "<group>"; };
		AAC02B0926A4AEAF0095632E /* DailyCell.xib */ = {isa = PBXFileReference; lastKnownFileType = file.xib; path = DailyCell.xib; sourceTree = "<group>"; };
		AAE4A94826B3D5DB00B88044 /* SetupDetailViewController.swift */ = {isa = PBXFileReference; lastKnownFileType = sourcecode.swift; path = SetupDetailViewController.swift; sourceTree = "<group>"; };
		AAF5909726A184B900DED2B6 /* Montserrat-SemiBold.ttf */ = {isa = PBXFileReference; lastKnownFileType = file; path = "Montserrat-SemiBold.ttf"; sourceTree = "<group>"; };
		AAF5909C26A184B900DED2B6 /* Montserrat-Regular.ttf */ = {isa = PBXFileReference; lastKnownFileType = file; path = "Montserrat-Regular.ttf"; sourceTree = "<group>"; };
/* End PBXFileReference section */

/* Begin PBXFrameworksBuildPhase section */
		AA7B703926A0D16C00278F67 /* Frameworks */ = {
			isa = PBXFrameworksBuildPhase;
			buildActionMask = 2147483647;
			files = (
				AA3D3A3826A8A3340005B6EA /* Realm in Frameworks */,
				AA3D3A3626A8A3340005B6EA /* RealmSwift in Frameworks */,
			);
			runOnlyForDeploymentPostprocessing = 0;
		};
/* End PBXFrameworksBuildPhase section */

/* Begin PBXGroup section */
		AA01AFE126B1F708008962BF /* MainVC */ = {
			isa = PBXGroup;
			children = (
				AAAC4B6C26B45FFB00E64E26 /* Extensions */,
				AAAC4B6B26B45FE900E64E26 /* SettingsView */,
				AA01AFE326B1F837008962BF /* SetupMainViewController.swift */,
				AA7B704326A0D16C00278F67 /* MainViewController.swift */,
				AAC02B0726A4AE820095632E /* DailyCollectionviewCell */,
				AAAC4B7526B46C0300E64E26 /* AlertLocationDenied.swift */,
			);
			path = MainVC;
			sourceTree = "<group>";
		};
		AA01AFE226B1F72E008962BF /* DetailVC */ = {
			isa = PBXGroup;
			children = (
				AA3D3A3926A8BB100005B6EA /* DetailCustomView */,
				AA56FE8C26A75295000BAA15 /* DetailViewController.swift */,
				AAE4A94826B3D5DB00B88044 /* SetupDetailViewController.swift */,
			);
			path = DetailVC;
			sourceTree = "<group>";
		};
		AA01AFE526B1F9CC008962BF /* Date */ = {
			isa = PBXGroup;
			children = (
				AA01AFE626B1F9E3008962BF /* TodayString.swift */,
				AA01AFE826B203C1008962BF /* GetWeek.swift */,
			);
			path = Date;
			sourceTree = "<group>";
		};
		AA1B692D26AD8F58007FF887 /* OpenWeatherApi */ = {
			isa = PBXGroup;
			children = (
				AA1B692B26AD801D007FF887 /* Response.swift */,
				AAA03E1826B324C2006377A0 /* BuildURL.swift */,
			);
			path = OpenWeatherApi;
			sourceTree = "<group>";
		};
		AA3D3A3926A8BB100005B6EA /* DetailCustomView */ = {
			isa = PBXGroup;
			children = (
				AA3D3A3A26A8BC920005B6EA /* DetailCustomView.swift */,
				AA3D3A3C26A8BCB70005B6EA /* DetailCustomView.xib */,
			);
			path = DetailCustomView;
			sourceTree = "<group>";
		};
		AA56FE8926A75200000BAA15 /* Extension */ = {
			isa = PBXGroup;
			children = (
				AA56FE8A26A75225000BAA15 /* GetViewControllerByID.swift */,
				AA60ABDC26ADFDEF00C6CC54 /* UIImageView+Load.swift */,
				AA207A3126B030C800DA2E47 /* Date.dayNumberOfWeek .swift */,
			);
			path = Extension;
			sourceTree = "<group>";
		};
		AA62B85326A9CE36007079DF /* RealmModels */ = {
			isa = PBXGroup;
			children = (
				AA62B85426A9CE52007079DF /* DailyModel.swift */,
				AA62B85626A9CE65007079DF /* CurrentModel.swift */,
				AA62B85826A9CEC4007079DF /* MainModel.swift */,
			);
			path = RealmModels;
			sourceTree = "<group>";
		};
		AA73690726A318C2004EE193 /* CustomView */ = {
			isa = PBXGroup;
			children = (
				AA73690526A3186C004EE193 /* DailyShortView.swift */,
				AA73690826A318F3004EE193 /* DailyShortView.xib */,
			);
			path = CustomView;
			sourceTree = "<group>";
		};
		AA7B703326A0D16C00278F67 = {
			isa = PBXGroup;
			children = (
				AA7B703E26A0D16C00278F67 /* KeepSolidApp */,
				AA7B703D26A0D16C00278F67 /* Products */,
			);
			sourceTree = "<group>";
		};
		AA7B703D26A0D16C00278F67 /* Products */ = {
			isa = PBXGroup;
			children = (
				AA7B703C26A0D16C00278F67 /* KeepSolidApp.app */,
			);
			name = Products;
			sourceTree = "<group>";
		};
		AA7B703E26A0D16C00278F67 /* KeepSolidApp */ = {
			isa = PBXGroup;
			children = (
				AAA03E1C26B3474A006377A0 /* Defaults */,
				AA01AFE526B1F9CC008962BF /* Date */,
				AA1B692D26AD8F58007FF887 /* OpenWeatherApi */,
				AA83F87726AC2FBF00A69D26 /* Realm */,
				AABAB71F26A75D6C00120095 /* DefaultDelegate */,
				AA56FE8926A75200000BAA15 /* Extension */,
				AAF36CC226A1E77F00227BC0 /* ViewControllers */,
				AAF5908C26A184B900DED2B6 /* Fonts */,
				AA7B704826A0D16D00278F67 /* Assets.xcassets */,
				AA7B704526A0D16C00278F67 /* Main.storyboard */,
				AA7B704A26A0D16D00278F67 /* LaunchScreen.storyboard */,
				AA7B704D26A0D16D00278F67 /* Info.plist */,
			);
			path = KeepSolidApp;
			sourceTree = "<group>";
		};
		AA83F87726AC2FBF00A69D26 /* Realm */ = {
			isa = PBXGroup;
			children = (
				AA62B85326A9CE36007079DF /* RealmModels */,
				AA1B693026AD99F5007FF887 /* SetData.swift */,
			);
			path = Realm;
			sourceTree = "<group>";
		};
		AAA03E1126B2E9F4006377A0 /* Montserrat */ = {
			isa = PBXGroup;
			children = (
				AAF5909C26A184B900DED2B6 /* Montserrat-Regular.ttf */,
				AAF5909726A184B900DED2B6 /* Montserrat-SemiBold.ttf */,
			);
			path = Montserrat;
			sourceTree = "<group>";
		};
		AAA03E1226B2EA53006377A0 /* Raleway */ = {
			isa = PBXGroup;
			children = (
				AAA03E1426B2EA7F006377A0 /* Raleway-Regular.ttf */,
				AAA03E1326B2EA70006377A0 /* Raleway-Bold.ttf */,
				AAA03E1526B2EA88006377A0 /* Raleway-Medium.ttf */,
			);
			path = Raleway;
			sourceTree = "<group>";
		};
		AAA03E1C26B3474A006377A0 /* Defaults */ = {
			isa = PBXGroup;
			children = (
				AAA03E1626B2FBD4006377A0 /* UserSettings.swift */,
				AA1B692E26AD8F98007FF887 /* NetworkManager.swift */,
			);
			path = Defaults;
			sourceTree = "<group>";
		};
		AAAC4B6B26B45FE900E64E26 /* SettingsView */ = {
			isa = PBXGroup;
			children = (
			);
			path = SettingsView;
			sourceTree = "<group>";
		};
		AAAC4B6C26B45FFB00E64E26 /* Extensions */ = {
			isa = PBXGroup;
			children = (
				AAAC4B6D26B4608F00E64E26 /* UICollectionView.swift */,
				AAAC4B6F26B4618500E64E26 /* UIPickerView.swift */,
				AAAC4B7126B461D300E64E26 /* CLLocationManager.swift */,
			);
			path = Extensions;
			sourceTree = "<group>";
		};
		AABAB71F26A75D6C00120095 /* DefaultDelegate */ = {
			isa = PBXGroup;
			children = (
				AA7B704126A0D16C00278F67 /* SceneDelegate.swift */,
				AA7B703F26A0D16C00278F67 /* AppDelegate.swift */,
			);
			path = DefaultDelegate;
			sourceTree = "<group>";
		};
		AAC02B0726A4AE820095632E /* DailyCollectionviewCell */ = {
			isa = PBXGroup;
			children = (
				AAC02B0826A4AEAF0095632E /* DailyCell.swift */,
				AAC02B0926A4AEAF0095632E /* DailyCell.xib */,
			);
			path = DailyCollectionviewCell;
			sourceTree = "<group>";
		};
		AAF36CC226A1E77F00227BC0 /* ViewControllers */ = {
			isa = PBXGroup;
			children = (
				AA73690726A318C2004EE193 /* CustomView */,
				AAA03E0F26B29E10006377A0 /* LocalisedData.swift */,
				AA01AFE226B1F72E008962BF /* DetailVC */,
				AA01AFE126B1F708008962BF /* MainVC */,
			);
			path = ViewControllers;
			sourceTree = "<group>";
		};
		AAF5908C26A184B900DED2B6 /* Fonts */ = {
			isa = PBXGroup;
			children = (
				AAA03E1226B2EA53006377A0 /* Raleway */,
				AAA03E1126B2E9F4006377A0 /* Montserrat */,
			);
			path = Fonts;
			sourceTree = "<group>";
		};
/* End PBXGroup section */

/* Begin PBXNativeTarget section */
		AA7B703B26A0D16C00278F67 /* KeepSolidApp */ = {
			isa = PBXNativeTarget;
			buildConfigurationList = AA7B705026A0D16D00278F67 /* Build configuration list for PBXNativeTarget "KeepSolidApp" */;
			buildPhases = (
				AA7B703826A0D16C00278F67 /* Sources */,
				AA7B703926A0D16C00278F67 /* Frameworks */,
				AA7B703A26A0D16C00278F67 /* Resources */,
			);
			buildRules = (
			);
			dependencies = (
			);
			name = KeepSolidApp;
			packageProductDependencies = (
				AA3D3A3526A8A3340005B6EA /* RealmSwift */,
				AA3D3A3726A8A3340005B6EA /* Realm */,
			);
			productName = KeepSolidApp;
			productReference = AA7B703C26A0D16C00278F67 /* KeepSolidApp.app */;
			productType = "com.apple.product-type.application";
		};
/* End PBXNativeTarget section */

/* Begin PBXProject section */
		AA7B703426A0D16C00278F67 /* Project object */ = {
			isa = PBXProject;
			attributes = {
				LastSwiftUpdateCheck = 1250;
				LastUpgradeCheck = 1250;
				TargetAttributes = {
					AA7B703B26A0D16C00278F67 = {
						CreatedOnToolsVersion = 12.5;
					};
				};
			};
			buildConfigurationList = AA7B703726A0D16C00278F67 /* Build configuration list for PBXProject "KeepSolidApp" */;
			compatibilityVersion = "Xcode 9.3";
			developmentRegion = en;
			hasScannedForEncodings = 0;
			knownRegions = (
				en,
				Base,
			);
			mainGroup = AA7B703326A0D16C00278F67;
			packageReferences = (
				AA3D3A3426A8A3340005B6EA /* XCRemoteSwiftPackageReference "realm-cocoa" */,
			);
			productRefGroup = AA7B703D26A0D16C00278F67 /* Products */;
			projectDirPath = "";
			projectRoot = "";
			targets = (
				AA7B703B26A0D16C00278F67 /* KeepSolidApp */,
			);
		};
/* End PBXProject section */

/* Begin PBXResourcesBuildPhase section */
		AA7B703A26A0D16C00278F67 /* Resources */ = {
			isa = PBXResourcesBuildPhase;
			buildActionMask = 2147483647;
			files = (
				AAF590AF26A184BA00DED2B6 /* Montserrat-Regular.ttf in Resources */,
				AAC02B0B26A4AEAF0095632E /* DailyCell.xib in Resources */,
				AA73690926A318F3004EE193 /* DailyShortView.xib in Resources */,
				AA7B704C26A0D16D00278F67 /* LaunchScreen.storyboard in Resources */,
				AA7B704926A0D16D00278F67 /* Assets.xcassets in Resources */,
				AAF590AA26A184BA00DED2B6 /* Montserrat-SemiBold.ttf in Resources */,
				AA3D3A3D26A8BCB70005B6EA /* DetailCustomView.xib in Resources */,
				AA7B704726A0D16C00278F67 /* Main.storyboard in Resources */,
			);
			runOnlyForDeploymentPostprocessing = 0;
		};
/* End PBXResourcesBuildPhase section */

/* Begin PBXSourcesBuildPhase section */
		AA7B703826A0D16C00278F67 /* Sources */ = {
			isa = PBXSourcesBuildPhase;
			buildActionMask = 2147483647;
			files = (
				AAA03E1926B324C2006377A0 /* BuildURL.swift in Sources */,
				AA7B704426A0D16C00278F67 /* MainViewController.swift in Sources */,
				AAAC4B7626B46C0300E64E26 /* AlertLocationDenied.swift in Sources */,
				AA62B85526A9CE52007079DF /* DailyModel.swift in Sources */,
				AAC02B0A26A4AEAF0095632E /* DailyCell.swift in Sources */,
				AA73690626A3186C004EE193 /* DailyShortView.swift in Sources */,
				AAA03E1726B2FBD4006377A0 /* UserSettings.swift in Sources */,
				AAAC4B6E26B4608F00E64E26 /* UICollectionView.swift in Sources */,
				AA1B693126AD99F5007FF887 /* SetData.swift in Sources */,
				AA7B704026A0D16C00278F67 /* AppDelegate.swift in Sources */,
				AA01AFE926B203C1008962BF /* GetWeek.swift in Sources */,
				AA3D3A3B26A8BC920005B6EA /* DetailCustomView.swift in Sources */,
				AAA03E1026B29E10006377A0 /* LocalisedData.swift in Sources */,
				AA62B85726A9CE65007079DF /* CurrentModel.swift in Sources */,
				AA01AFE726B1F9E3008962BF /* TodayString.swift in Sources */,
				AA60ABDD26ADFDEF00C6CC54 /* UIImageView+Load.swift in Sources */,
				AAAC4B7026B4618500E64E26 /* UIPickerView.swift in Sources */,
				AA7B704226A0D16C00278F67 /* SceneDelegate.swift in Sources */,
				AA01AFE426B1F837008962BF /* SetupMainViewController.swift in Sources */,
				AA62B85926A9CEC4007079DF /* MainModel.swift in Sources */,
				AA1B692C26AD801D007FF887 /* Response.swift in Sources */,
				AA56FE8B26A75225000BAA15 /* GetViewControllerByID.swift in Sources */,
				AA207A3226B030C800DA2E47 /* Date.dayNumberOfWeek .swift in Sources */,
				AA1B692F26AD8F98007FF887 /* NetworkManager.swift in Sources */,
				AA56FE8D26A75295000BAA15 /* DetailViewController.swift in Sources */,
				AAE4A94926B3D5DB00B88044 /* SetupDetailViewController.swift in Sources */,
				AAAC4B7226B461D300E64E26 /* CLLocationManager.swift in Sources */,
			);
			runOnlyForDeploymentPostprocessing = 0;
		};
/* End PBXSourcesBuildPhase section */

/* Begin PBXVariantGroup section */
		AA7B704526A0D16C00278F67 /* Main.storyboard */ = {
			isa = PBXVariantGroup;
			children = (
				AA7B704626A0D16C00278F67 /* Base */,
			);
			name = Main.storyboard;
			sourceTree = "<group>";
		};
		AA7B704A26A0D16D00278F67 /* LaunchScreen.storyboard */ = {
			isa = PBXVariantGroup;
			children = (
				AA7B704B26A0D16D00278F67 /* Base */,
			);
			name = LaunchScreen.storyboard;
			sourceTree = "<group>";
		};
/* End PBXVariantGroup section */

/* Begin XCBuildConfiguration section */
		AA7B704E26A0D16D00278F67 /* Debug */ = {
			isa = XCBuildConfiguration;
			buildSettings = {
				ALWAYS_SEARCH_USER_PATHS = NO;
				CLANG_ANALYZER_NONNULL = YES;
				CLANG_ANALYZER_NUMBER_OBJECT_CONVERSION = YES_AGGRESSIVE;
				CLANG_CXX_LANGUAGE_STANDARD = "gnu++14";
				CLANG_CXX_LIBRARY = "libc++";
				CLANG_ENABLE_MODULES = YES;
				CLANG_ENABLE_OBJC_ARC = YES;
				CLANG_ENABLE_OBJC_WEAK = YES;
				CLANG_WARN_BLOCK_CAPTURE_AUTORELEASING = YES;
				CLANG_WARN_BOOL_CONVERSION = YES;
				CLANG_WARN_COMMA = YES;
				CLANG_WARN_CONSTANT_CONVERSION = YES;
				CLANG_WARN_DEPRECATED_OBJC_IMPLEMENTATIONS = YES;
				CLANG_WARN_DIRECT_OBJC_ISA_USAGE = YES_ERROR;
				CLANG_WARN_DOCUMENTATION_COMMENTS = YES;
				CLANG_WARN_EMPTY_BODY = YES;
				CLANG_WARN_ENUM_CONVERSION = YES;
				CLANG_WARN_INFINITE_RECURSION = YES;
				CLANG_WARN_INT_CONVERSION = YES;
				CLANG_WARN_NON_LITERAL_NULL_CONVERSION = YES;
				CLANG_WARN_OBJC_IMPLICIT_RETAIN_SELF = YES;
				CLANG_WARN_OBJC_LITERAL_CONVERSION = YES;
				CLANG_WARN_OBJC_ROOT_CLASS = YES_ERROR;
				CLANG_WARN_QUOTED_INCLUDE_IN_FRAMEWORK_HEADER = YES;
				CLANG_WARN_RANGE_LOOP_ANALYSIS = YES;
				CLANG_WARN_STRICT_PROTOTYPES = YES;
				CLANG_WARN_SUSPICIOUS_MOVE = YES;
				CLANG_WARN_UNGUARDED_AVAILABILITY = YES_AGGRESSIVE;
				CLANG_WARN_UNREACHABLE_CODE = YES;
				CLANG_WARN__DUPLICATE_METHOD_MATCH = YES;
				COPY_PHASE_STRIP = NO;
				DEBUG_INFORMATION_FORMAT = dwarf;
				ENABLE_STRICT_OBJC_MSGSEND = YES;
				ENABLE_TESTABILITY = YES;
				GCC_C_LANGUAGE_STANDARD = gnu11;
				GCC_DYNAMIC_NO_PIC = NO;
				GCC_NO_COMMON_BLOCKS = YES;
				GCC_OPTIMIZATION_LEVEL = 0;
				GCC_PREPROCESSOR_DEFINITIONS = (
					"DEBUG=1",
					"$(inherited)",
				);
				GCC_WARN_64_TO_32_BIT_CONVERSION = YES;
				GCC_WARN_ABOUT_RETURN_TYPE = YES_ERROR;
				GCC_WARN_UNDECLARED_SELECTOR = YES;
				GCC_WARN_UNINITIALIZED_AUTOS = YES_AGGRESSIVE;
				GCC_WARN_UNUSED_FUNCTION = YES;
				GCC_WARN_UNUSED_VARIABLE = YES;
				IPHONEOS_DEPLOYMENT_TARGET = 14.5;
				MTL_ENABLE_DEBUG_INFO = INCLUDE_SOURCE;
				MTL_FAST_MATH = YES;
				ONLY_ACTIVE_ARCH = YES;
				SDKROOT = iphoneos;
				SWIFT_ACTIVE_COMPILATION_CONDITIONS = DEBUG;
				SWIFT_OPTIMIZATION_LEVEL = "-Onone";
			};
			name = Debug;
		};
		AA7B704F26A0D16D00278F67 /* Release */ = {
			isa = XCBuildConfiguration;
			buildSettings = {
				ALWAYS_SEARCH_USER_PATHS = NO;
				CLANG_ANALYZER_NONNULL = YES;
				CLANG_ANALYZER_NUMBER_OBJECT_CONVERSION = YES_AGGRESSIVE;
				CLANG_CXX_LANGUAGE_STANDARD = "gnu++14";
				CLANG_CXX_LIBRARY = "libc++";
				CLANG_ENABLE_MODULES = YES;
				CLANG_ENABLE_OBJC_ARC = YES;
				CLANG_ENABLE_OBJC_WEAK = YES;
				CLANG_WARN_BLOCK_CAPTURE_AUTORELEASING = YES;
				CLANG_WARN_BOOL_CONVERSION = YES;
				CLANG_WARN_COMMA = YES;
				CLANG_WARN_CONSTANT_CONVERSION = YES;
				CLANG_WARN_DEPRECATED_OBJC_IMPLEMENTATIONS = YES;
				CLANG_WARN_DIRECT_OBJC_ISA_USAGE = YES_ERROR;
				CLANG_WARN_DOCUMENTATION_COMMENTS = YES;
				CLANG_WARN_EMPTY_BODY = YES;
				CLANG_WARN_ENUM_CONVERSION = YES;
				CLANG_WARN_INFINITE_RECURSION = YES;
				CLANG_WARN_INT_CONVERSION = YES;
				CLANG_WARN_NON_LITERAL_NULL_CONVERSION = YES;
				CLANG_WARN_OBJC_IMPLICIT_RETAIN_SELF = YES;
				CLANG_WARN_OBJC_LITERAL_CONVERSION = YES;
				CLANG_WARN_OBJC_ROOT_CLASS = YES_ERROR;
				CLANG_WARN_QUOTED_INCLUDE_IN_FRAMEWORK_HEADER = YES;
				CLANG_WARN_RANGE_LOOP_ANALYSIS = YES;
				CLANG_WARN_STRICT_PROTOTYPES = YES;
				CLANG_WARN_SUSPICIOUS_MOVE = YES;
				CLANG_WARN_UNGUARDED_AVAILABILITY = YES_AGGRESSIVE;
				CLANG_WARN_UNREACHABLE_CODE = YES;
				CLANG_WARN__DUPLICATE_METHOD_MATCH = YES;
				COPY_PHASE_STRIP = NO;
				DEBUG_INFORMATION_FORMAT = "dwarf-with-dsym";
				ENABLE_NS_ASSERTIONS = NO;
				ENABLE_STRICT_OBJC_MSGSEND = YES;
				GCC_C_LANGUAGE_STANDARD = gnu11;
				GCC_NO_COMMON_BLOCKS = YES;
				GCC_WARN_64_TO_32_BIT_CONVERSION = YES;
				GCC_WARN_ABOUT_RETURN_TYPE = YES_ERROR;
				GCC_WARN_UNDECLARED_SELECTOR = YES;
				GCC_WARN_UNINITIALIZED_AUTOS = YES_AGGRESSIVE;
				GCC_WARN_UNUSED_FUNCTION = YES;
				GCC_WARN_UNUSED_VARIABLE = YES;
				IPHONEOS_DEPLOYMENT_TARGET = 14.5;
				MTL_ENABLE_DEBUG_INFO = NO;
				MTL_FAST_MATH = YES;
				SDKROOT = iphoneos;
				SWIFT_COMPILATION_MODE = wholemodule;
				SWIFT_OPTIMIZATION_LEVEL = "-O";
				VALIDATE_PRODUCT = YES;
			};
			name = Release;
		};
		AA7B705126A0D16D00278F67 /* Debug */ = {
			isa = XCBuildConfiguration;
			buildSettings = {
				ASSETCATALOG_COMPILER_APPICON_NAME = AppIcon;
				ASSETCATALOG_COMPILER_GLOBAL_ACCENT_COLOR_NAME = AccentColor;
				CODE_SIGN_STYLE = Automatic;
				INFOPLIST_FILE = KeepSolidApp/Info.plist;
				LD_RUNPATH_SEARCH_PATHS = (
					"$(inherited)",
					"@executable_path/Frameworks",
				);
				PRODUCT_BUNDLE_IDENTIFIER = "-.KeepSolidApp";
				PRODUCT_NAME = "$(TARGET_NAME)";
				SWIFT_VERSION = 5.0;
				TARGETED_DEVICE_FAMILY = 1;
			};
			name = Debug;
		};
		AA7B705226A0D16D00278F67 /* Release */ = {
			isa = XCBuildConfiguration;
			buildSettings = {
				ASSETCATALOG_COMPILER_APPICON_NAME = AppIcon;
				ASSETCATALOG_COMPILER_GLOBAL_ACCENT_COLOR_NAME = AccentColor;
				CODE_SIGN_STYLE = Automatic;
				INFOPLIST_FILE = KeepSolidApp/Info.plist;
				LD_RUNPATH_SEARCH_PATHS = (
					"$(inherited)",
					"@executable_path/Frameworks",
				);
				PRODUCT_BUNDLE_IDENTIFIER = "-.KeepSolidApp";
				PRODUCT_NAME = "$(TARGET_NAME)";
				SWIFT_VERSION = 5.0;
				TARGETED_DEVICE_FAMILY = 1;
			};
			name = Release;
		};
/* End XCBuildConfiguration section */

/* Begin XCConfigurationList section */
		AA7B703726A0D16C00278F67 /* Build configuration list for PBXProject "KeepSolidApp" */ = {
			isa = XCConfigurationList;
			buildConfigurations = (
				AA7B704E26A0D16D00278F67 /* Debug */,
				AA7B704F26A0D16D00278F67 /* Release */,
			);
			defaultConfigurationIsVisible = 0;
			defaultConfigurationName = Release;
		};
		AA7B705026A0D16D00278F67 /* Build configuration list for PBXNativeTarget "KeepSolidApp" */ = {
			isa = XCConfigurationList;
			buildConfigurations = (
				AA7B705126A0D16D00278F67 /* Debug */,
				AA7B705226A0D16D00278F67 /* Release */,
			);
			defaultConfigurationIsVisible = 0;
			defaultConfigurationName = Release;
		};
/* End XCConfigurationList section */

/* Begin XCRemoteSwiftPackageReference section */
		AA3D3A3426A8A3340005B6EA /* XCRemoteSwiftPackageReference "realm-cocoa" */ = {
			isa = XCRemoteSwiftPackageReference;
			repositoryURL = "https://github.com/realm/realm-cocoa.git";
			requirement = {
				kind = upToNextMajorVersion;
				minimumVersion = 10.10.0;
			};
		};
/* End XCRemoteSwiftPackageReference section */

/* Begin XCSwiftPackageProductDependency section */
		AA3D3A3526A8A3340005B6EA /* RealmSwift */ = {
			isa = XCSwiftPackageProductDependency;
			package = AA3D3A3426A8A3340005B6EA /* XCRemoteSwiftPackageReference "realm-cocoa" */;
			productName = RealmSwift;
		};
		AA3D3A3726A8A3340005B6EA /* Realm */ = {
			isa = XCSwiftPackageProductDependency;
			package = AA3D3A3426A8A3340005B6EA /* XCRemoteSwiftPackageReference "realm-cocoa" */;
			productName = Realm;
		};
/* End XCSwiftPackageProductDependency section */
	};
	rootObject = AA7B703426A0D16C00278F67 /* Project object */;
}
